// !$*UTF8*$!
{
	archiveVersion = 1;
	classes = {
	};
	objectVersion = 46;
	objects = {

/* Begin PBXBuildFile section */
		C636200E18DD1C97009A77C4 /* ASIAuthenticationDialog.m in Sources */ = {isa = PBXBuildFile; fileRef = C6361FF918DD1C97009A77C4 /* ASIAuthenticationDialog.m */; settings = {COMPILER_FLAGS = "-fno-objc-arc"; }; };
		C636200F18DD1C97009A77C4 /* ASIDataCompressor.m in Sources */ = {isa = PBXBuildFile; fileRef = C6361FFC18DD1C97009A77C4 /* ASIDataCompressor.m */; settings = {COMPILER_FLAGS = "-fno-objc-arc"; }; };
		C636201018DD1C97009A77C4 /* ASIDataDecompressor.m in Sources */ = {isa = PBXBuildFile; fileRef = C6361FFE18DD1C97009A77C4 /* ASIDataDecompressor.m */; settings = {COMPILER_FLAGS = "-fno-objc-arc"; }; };
		C636201118DD1C97009A77C4 /* ASIDownloadCache.m in Sources */ = {isa = PBXBuildFile; fileRef = C636200018DD1C97009A77C4 /* ASIDownloadCache.m */; settings = {COMPILER_FLAGS = "-fno-objc-arc"; }; };
		C636201218DD1C97009A77C4 /* ASIFormDataRequest.m in Sources */ = {isa = PBXBuildFile; fileRef = C636200218DD1C97009A77C4 /* ASIFormDataRequest.m */; settings = {COMPILER_FLAGS = "-fno-objc-arc"; }; };
		C636201318DD1C97009A77C4 /* ASIHTTPRequest.m in Sources */ = {isa = PBXBuildFile; fileRef = C636200418DD1C97009A77C4 /* ASIHTTPRequest.m */; settings = {COMPILER_FLAGS = "-fno-objc-arc"; }; };
		C636201418DD1C97009A77C4 /* ASIInputStream.m in Sources */ = {isa = PBXBuildFile; fileRef = C636200818DD1C97009A77C4 /* ASIInputStream.m */; settings = {COMPILER_FLAGS = "-fno-objc-arc"; }; };
		C636201518DD1C97009A77C4 /* ASINetworkQueue.m in Sources */ = {isa = PBXBuildFile; fileRef = C636200A18DD1C97009A77C4 /* ASINetworkQueue.m */; settings = {COMPILER_FLAGS = "-fno-objc-arc"; }; };
		C636201618DD1C97009A77C4 /* Reachability.m in Sources */ = {isa = PBXBuildFile; fileRef = C636200D18DD1C97009A77C4 /* Reachability.m */; settings = {COMPILER_FLAGS = "-fno-objc-arc"; }; };
		C636201818DD1CE4009A77C4 /* CFNetwork.framework in Frameworks */ = {isa = PBXBuildFile; fileRef = C636201718DD1CE4009A77C4 /* CFNetwork.framework */; };
		C636201A18DD1CEF009A77C4 /* MobileCoreServices.framework in Frameworks */ = {isa = PBXBuildFile; fileRef = C636201918DD1CEF009A77C4 /* MobileCoreServices.framework */; };
		C636201C18DD1D08009A77C4 /* SystemConfiguration.framework in Frameworks */ = {isa = PBXBuildFile; fileRef = C636201B18DD1D08009A77C4 /* SystemConfiguration.framework */; };
		C636201E18DD1D5D009A77C4 /* libz.dylib in Frameworks */ = {isa = PBXBuildFile; fileRef = C636201D18DD1D5D009A77C4 /* libz.dylib */; };
		C636202318DD2879009A77C4 /* SVProgressHUD.bundle in Resources */ = {isa = PBXBuildFile; fileRef = C636202018DD2879009A77C4 /* SVProgressHUD.bundle */; };
		C636202418DD2879009A77C4 /* SVProgressHUD.m in Sources */ = {isa = PBXBuildFile; fileRef = C636202218DD2879009A77C4 /* SVProgressHUD.m */; };
		C636202718DD3258009A77C4 /* SEUtils.m in Sources */ = {isa = PBXBuildFile; fileRef = C636202618DD3258009A77C4 /* SEUtils.m */; };
		C6CBCF5B18D3FA7800380DB0 /* Foundation.framework in Frameworks */ = {isa = PBXBuildFile; fileRef = C6CBCF5A18D3FA7800380DB0 /* Foundation.framework */; };
		C6CBCF5D18D3FA7800380DB0 /* CoreGraphics.framework in Frameworks */ = {isa = PBXBuildFile; fileRef = C6CBCF5C18D3FA7800380DB0 /* CoreGraphics.framework */; };
		C6CBCF5F18D3FA7800380DB0 /* UIKit.framework in Frameworks */ = {isa = PBXBuildFile; fileRef = C6CBCF5E18D3FA7800380DB0 /* UIKit.framework */; };
		C6CBCF6518D3FA7800380DB0 /* InfoPlist.strings in Resources */ = {isa = PBXBuildFile; fileRef = C6CBCF6318D3FA7800380DB0 /* InfoPlist.strings */; };
		C6CBCF6718D3FA7800380DB0 /* main.m in Sources */ = {isa = PBXBuildFile; fileRef = C6CBCF6618D3FA7800380DB0 /* main.m */; };
		C6CBCF6B18D3FA7800380DB0 /* LNAppDelegate.m in Sources */ = {isa = PBXBuildFile; fileRef = C6CBCF6A18D3FA7800380DB0 /* LNAppDelegate.m */; };
		C6CBCF6D18D3FA7800380DB0 /* Images.xcassets in Resources */ = {isa = PBXBuildFile; fileRef = C6CBCF6C18D3FA7800380DB0 /* Images.xcassets */; };
		C6CBCF7418D3FA7800380DB0 /* XCTest.framework in Frameworks */ = {isa = PBXBuildFile; fileRef = C6CBCF7318D3FA7800380DB0 /* XCTest.framework */; };
		C6CBCF7518D3FA7800380DB0 /* Foundation.framework in Frameworks */ = {isa = PBXBuildFile; fileRef = C6CBCF5A18D3FA7800380DB0 /* Foundation.framework */; };
		C6CBCF7618D3FA7800380DB0 /* UIKit.framework in Frameworks */ = {isa = PBXBuildFile; fileRef = C6CBCF5E18D3FA7800380DB0 /* UIKit.framework */; };
		C6CBCF7E18D3FA7800380DB0 /* InfoPlist.strings in Resources */ = {isa = PBXBuildFile; fileRef = C6CBCF7C18D3FA7800380DB0 /* InfoPlist.strings */; };
		C6CBCF8018D3FA7800380DB0 /* LoginNetTests.m in Sources */ = {isa = PBXBuildFile; fileRef = C6CBCF7F18D3FA7800380DB0 /* LoginNetTests.m */; };
		C6CBD0AA18D3FB8D00380DB0 /* LNViewController.m in Sources */ = {isa = PBXBuildFile; fileRef = C6CBD0A818D3FB8D00380DB0 /* LNViewController.m */; };
		C6CBD0AB18D3FB8D00380DB0 /* LNViewController.xib in Resources */ = {isa = PBXBuildFile; fileRef = C6CBD0A918D3FB8D00380DB0 /* LNViewController.xib */; };
		C6F5D65118E53970006FDEC0 /* CoreText.framework in Frameworks */ = {isa = PBXBuildFile; fileRef = C6F5D65018E53970006FDEC0 /* CoreText.framework */; };
		C6F5D65318E53982006FDEC0 /* QuartzCore.framework in Frameworks */ = {isa = PBXBuildFile; fileRef = C6F5D65218E53982006FDEC0 /* QuartzCore.framework */; };
		C6F5D65518E5398D006FDEC0 /* Security.framework in Frameworks */ = {isa = PBXBuildFile; fileRef = C6F5D65418E5398D006FDEC0 /* Security.framework */; };
/* End PBXBuildFile section */

/* Begin PBXContainerItemProxy section */
		C6CBCF7718D3FA7800380DB0 /* PBXContainerItemProxy */ = {
			isa = PBXContainerItemProxy;
			containerPortal = C6CBCF4F18D3FA7800380DB0 /* Project object */;
			proxyType = 1;
			remoteGlobalIDString = C6CBCF5618D3FA7800380DB0;
			remoteInfo = LoginNet;
		};
/* End PBXContainerItemProxy section */

/* Begin PBXFileReference section */
		C6361FF818DD1C97009A77C4 /* ASIAuthenticationDialog.h */ = {isa = PBXFileReference; fileEncoding = 4; lastKnownFileType = sourcecode.c.h; path = ASIAuthenticationDialog.h; sourceTree = "<group>"; };
		C6361FF918DD1C97009A77C4 /* ASIAuthenticationDialog.m */ = {isa = PBXFileReference; fileEncoding = 4; lastKnownFileType = sourcecode.c.objc; path = ASIAuthenticationDialog.m; sourceTree = "<group>"; };
		C6361FFA18DD1C97009A77C4 /* ASICacheDelegate.h */ = {isa = PBXFileReference; fileEncoding = 4; lastKnownFileType = sourcecode.c.h; path = ASICacheDelegate.h; sourceTree = "<group>"; };
		C6361FFB18DD1C97009A77C4 /* ASIDataCompressor.h */ = {isa = PBXFileReference; fileEncoding = 4; lastKnownFileType = sourcecode.c.h; path = ASIDataCompressor.h; sourceTree = "<group>"; };
		C6361FFC18DD1C97009A77C4 /* ASIDataCompressor.m */ = {isa = PBXFileReference; fileEncoding = 4; lastKnownFileType = sourcecode.c.objc; path = ASIDataCompressor.m; sourceTree = "<group>"; };
		C6361FFD18DD1C97009A77C4 /* ASIDataDecompressor.h */ = {isa = PBXFileReference; fileEncoding = 4; lastKnownFileType = sourcecode.c.h; path = ASIDataDecompressor.h; sourceTree = "<group>"; };
		C6361FFE18DD1C97009A77C4 /* ASIDataDecompressor.m */ = {isa = PBXFileReference; fileEncoding = 4; lastKnownFileType = sourcecode.c.objc; path = ASIDataDecompressor.m; sourceTree = "<group>"; };
		C6361FFF18DD1C97009A77C4 /* ASIDownloadCache.h */ = {isa = PBXFileReference; fileEncoding = 4; lastKnownFileType = sourcecode.c.h; path = ASIDownloadCache.h; sourceTree = "<group>"; };
		C636200018DD1C97009A77C4 /* ASIDownloadCache.m */ = {isa = PBXFileReference; fileEncoding = 4; lastKnownFileType = sourcecode.c.objc; path = ASIDownloadCache.m; sourceTree = "<group>"; };
		C636200118DD1C97009A77C4 /* ASIFormDataRequest.h */ = {isa = PBXFileReference; fileEncoding = 4; lastKnownFileType = sourcecode.c.h; path = ASIFormDataRequest.h; sourceTree = "<group>"; };
		C636200218DD1C97009A77C4 /* ASIFormDataRequest.m */ = {isa = PBXFileReference; fileEncoding = 4; lastKnownFileType = sourcecode.c.objc; path = ASIFormDataRequest.m; sourceTree = "<group>"; };
		C636200318DD1C97009A77C4 /* ASIHTTPRequest.h */ = {isa = PBXFileReference; fileEncoding = 4; lastKnownFileType = sourcecode.c.h; path = ASIHTTPRequest.h; sourceTree = "<group>"; };
		C636200418DD1C97009A77C4 /* ASIHTTPRequest.m */ = {isa = PBXFileReference; fileEncoding = 4; lastKnownFileType = sourcecode.c.objc; path = ASIHTTPRequest.m; sourceTree = "<group>"; };
		C636200518DD1C97009A77C4 /* ASIHTTPRequestConfig.h */ = {isa = PBXFileReference; fileEncoding = 4; lastKnownFileType = sourcecode.c.h; path = ASIHTTPRequestConfig.h; sourceTree = "<group>"; };
		C636200618DD1C97009A77C4 /* ASIHTTPRequestDelegate.h */ = {isa = PBXFileReference; fileEncoding = 4; lastKnownFileType = sourcecode.c.h; path = ASIHTTPRequestDelegate.h; sourceTree = "<group>"; };
		C636200718DD1C97009A77C4 /* ASIInputStream.h */ = {isa = PBXFileReference; fileEncoding = 4; lastKnownFileType = sourcecode.c.h; path = ASIInputStream.h; sourceTree = "<group>"; };
		C636200818DD1C97009A77C4 /* ASIInputStream.m */ = {isa = PBXFileReference; fileEncoding = 4; lastKnownFileType = sourcecode.c.objc; path = ASIInputStream.m; sourceTree = "<group>"; };
		C636200918DD1C97009A77C4 /* ASINetworkQueue.h */ = {isa = PBXFileReference; fileEncoding = 4; lastKnownFileType = sourcecode.c.h; path = ASINetworkQueue.h; sourceTree = "<group>"; };
		C636200A18DD1C97009A77C4 /* ASINetworkQueue.m */ = {isa = PBXFileReference; fileEncoding = 4; lastKnownFileType = sourcecode.c.objc; path = ASINetworkQueue.m; sourceTree = "<group>"; };
		C636200B18DD1C97009A77C4 /* ASIProgressDelegate.h */ = {isa = PBXFileReference; fileEncoding = 4; lastKnownFileType = sourcecode.c.h; path = ASIProgressDelegate.h; sourceTree = "<group>"; };
		C636200C18DD1C97009A77C4 /* Reachability.h */ = {isa = PBXFileReference; fileEncoding = 4; lastKnownFileType = sourcecode.c.h; path = Reachability.h; sourceTree = "<group>"; };
		C636200D18DD1C97009A77C4 /* Reachability.m */ = {isa = PBXFileReference; fileEncoding = 4; lastKnownFileType = sourcecode.c.objc; path = Reachability.m; sourceTree = "<group>"; };
		C636201718DD1CE4009A77C4 /* CFNetwork.framework */ = {isa = PBXFileReference; lastKnownFileType = wrapper.framework; name = CFNetwork.framework; path = System/Library/Frameworks/CFNetwork.framework; sourceTree = SDKROOT; };
		C636201918DD1CEF009A77C4 /* MobileCoreServices.framework */ = {isa = PBXFileReference; lastKnownFileType = wrapper.framework; name = MobileCoreServices.framework; path = System/Library/Frameworks/MobileCoreServices.framework; sourceTree = SDKROOT; };
		C636201B18DD1D08009A77C4 /* SystemConfiguration.framework */ = {isa = PBXFileReference; lastKnownFileType = wrapper.framework; name = SystemConfiguration.framework; path = System/Library/Frameworks/SystemConfiguration.framework; sourceTree = SDKROOT; };
		C636201D18DD1D5D009A77C4 /* libz.dylib */ = {isa = PBXFileReference; lastKnownFileType = "compiled.mach-o.dylib"; name = libz.dylib; path = usr/lib/libz.dylib; sourceTree = SDKROOT; };
		C636202018DD2879009A77C4 /* SVProgressHUD.bundle */ = {isa = PBXFileReference; lastKnownFileType = "wrapper.plug-in"; path = SVProgressHUD.bundle; sourceTree = "<group>"; };
		C636202118DD2879009A77C4 /* SVProgressHUD.h */ = {isa = PBXFileReference; fileEncoding = 4; lastKnownFileType = sourcecode.c.h; path = SVProgressHUD.h; sourceTree = "<group>"; };
		C636202218DD2879009A77C4 /* SVProgressHUD.m */ = {isa = PBXFileReference; fileEncoding = 4; lastKnownFileType = sourcecode.c.objc; path = SVProgressHUD.m; sourceTree = "<group>"; };
		C636202518DD3258009A77C4 /* SEUtils.h */ = {isa = PBXFileReference; fileEncoding = 4; lastKnownFileType = sourcecode.c.h; path = SEUtils.h; sourceTree = "<group>"; };
		C636202618DD3258009A77C4 /* SEUtils.m */ = {isa = PBXFileReference; fileEncoding = 4; lastKnownFileType = sourcecode.c.objc; path = SEUtils.m; sourceTree = "<group>"; };
		C6CBCF5718D3FA7800380DB0 /* iNet.app */ = {isa = PBXFileReference; explicitFileType = wrapper.application; includeInIndex = 0; name = iNet.app; path = iReagle.app; sourceTree = BUILT_PRODUCTS_DIR; };
		C6CBCF5A18D3FA7800380DB0 /* Foundation.framework */ = {isa = PBXFileReference; lastKnownFileType = wrapper.framework; name = Foundation.framework; path = System/Library/Frameworks/Foundation.framework; sourceTree = SDKROOT; };
		C6CBCF5C18D3FA7800380DB0 /* CoreGraphics.framework */ = {isa = PBXFileReference; lastKnownFileType = wrapper.framework; name = CoreGraphics.framework; path = System/Library/Frameworks/CoreGraphics.framework; sourceTree = SDKROOT; };
		C6CBCF5E18D3FA7800380DB0 /* UIKit.framework */ = {isa = PBXFileReference; lastKnownFileType = wrapper.framework; name = UIKit.framework; path = System/Library/Frameworks/UIKit.framework; sourceTree = SDKROOT; };
		C6CBCF6218D3FA7800380DB0 /* LoginNet-Info.plist */ = {isa = PBXFileReference; lastKnownFileType = text.plist.xml; path = "LoginNet-Info.plist"; sourceTree = "<group>"; };
		C6CBCF6418D3FA7800380DB0 /* en */ = {isa = PBXFileReference; lastKnownFileType = text.plist.strings; name = en; path = en.lproj/InfoPlist.strings; sourceTree = "<group>"; };
		C6CBCF6618D3FA7800380DB0 /* main.m */ = {isa = PBXFileReference; lastKnownFileType = sourcecode.c.objc; path = main.m; sourceTree = "<group>"; };
		C6CBCF6818D3FA7800380DB0 /* LoginNet-Prefix.pch */ = {isa = PBXFileReference; lastKnownFileType = sourcecode.c.h; path = "LoginNet-Prefix.pch"; sourceTree = "<group>"; };
		C6CBCF6918D3FA7800380DB0 /* LNAppDelegate.h */ = {isa = PBXFileReference; lastKnownFileType = sourcecode.c.h; path = LNAppDelegate.h; sourceTree = "<group>"; };
		C6CBCF6A18D3FA7800380DB0 /* LNAppDelegate.m */ = {isa = PBXFileReference; lastKnownFileType = sourcecode.c.objc; path = LNAppDelegate.m; sourceTree = "<group>"; };
		C6CBCF6C18D3FA7800380DB0 /* Images.xcassets */ = {isa = PBXFileReference; lastKnownFileType = folder.assetcatalog; path = Images.xcassets; sourceTree = "<group>"; };
		C6CBCF7218D3FA7800380DB0 /* LoginNetTests.xctest */ = {isa = PBXFileReference; explicitFileType = wrapper.cfbundle; includeInIndex = 0; path = LoginNetTests.xctest; sourceTree = BUILT_PRODUCTS_DIR; };
		C6CBCF7318D3FA7800380DB0 /* XCTest.framework */ = {isa = PBXFileReference; lastKnownFileType = wrapper.framework; name = XCTest.framework; path = Library/Frameworks/XCTest.framework; sourceTree = DEVELOPER_DIR; };
		C6CBCF7B18D3FA7800380DB0 /* LoginNetTests-Info.plist */ = {isa = PBXFileReference; lastKnownFileType = text.plist.xml; path = "LoginNetTests-Info.plist"; sourceTree = "<group>"; };
		C6CBCF7D18D3FA7800380DB0 /* en */ = {isa = PBXFileReference; lastKnownFileType = text.plist.strings; name = en; path = en.lproj/InfoPlist.strings; sourceTree = "<group>"; };
		C6CBCF7F18D3FA7800380DB0 /* LoginNetTests.m */ = {isa = PBXFileReference; lastKnownFileType = sourcecode.c.objc; path = LoginNetTests.m; sourceTree = "<group>"; };
		C6CBD0A718D3FB8D00380DB0 /* LNViewController.h */ = {isa = PBXFileReference; fileEncoding = 4; lastKnownFileType = sourcecode.c.h; path = LNViewController.h; sourceTree = "<group>"; };
		C6CBD0A818D3FB8D00380DB0 /* LNViewController.m */ = {isa = PBXFileReference; fileEncoding = 4; lastKnownFileType = sourcecode.c.objc; path = LNViewController.m; sourceTree = "<group>"; };
		C6CBD0A918D3FB8D00380DB0 /* LNViewController.xib */ = {isa = PBXFileReference; fileEncoding = 4; lastKnownFileType = file.xib; path = LNViewController.xib; sourceTree = "<group>"; };
		C6F5D65018E53970006FDEC0 /* CoreText.framework */ = {isa = PBXFileReference; lastKnownFileType = wrapper.framework; name = CoreText.framework; path = System/Library/Frameworks/CoreText.framework; sourceTree = SDKROOT; };
		C6F5D65218E53982006FDEC0 /* QuartzCore.framework */ = {isa = PBXFileReference; lastKnownFileType = wrapper.framework; name = QuartzCore.framework; path = System/Library/Frameworks/QuartzCore.framework; sourceTree = SDKROOT; };
		C6F5D65418E5398D006FDEC0 /* Security.framework */ = {isa = PBXFileReference; lastKnownFileType = wrapper.framework; name = Security.framework; path = System/Library/Frameworks/Security.framework; sourceTree = SDKROOT; };
/* End PBXFileReference section */

/* Begin PBXFrameworksBuildPhase section */
		C6CBCF5418D3FA7800380DB0 /* Frameworks */ = {
			isa = PBXFrameworksBuildPhase;
			buildActionMask = 2147483647;
			files = (
				C6F5D65518E5398D006FDEC0 /* Security.framework in Frameworks */,
				C6F5D65318E53982006FDEC0 /* QuartzCore.framework in Frameworks */,
				C6F5D65118E53970006FDEC0 /* CoreText.framework in Frameworks */,
				C636201E18DD1D5D009A77C4 /* libz.dylib in Frameworks */,
				C636201C18DD1D08009A77C4 /* SystemConfiguration.framework in Frameworks */,
				C636201A18DD1CEF009A77C4 /* MobileCoreServices.framework in Frameworks */,
				C636201818DD1CE4009A77C4 /* CFNetwork.framework in Frameworks */,
				C6CBCF5D18D3FA7800380DB0 /* CoreGraphics.framework in Frameworks */,
				C6CBCF5F18D3FA7800380DB0 /* UIKit.framework in Frameworks */,
				C6CBCF5B18D3FA7800380DB0 /* Foundation.framework in Frameworks */,
			);
			runOnlyForDeploymentPostprocessing = 0;
		};
		C6CBCF6F18D3FA7800380DB0 /* Frameworks */ = {
			isa = PBXFrameworksBuildPhase;
			buildActionMask = 2147483647;
			files = (
				C6CBCF7418D3FA7800380DB0 /* XCTest.framework in Frameworks */,
				C6CBCF7618D3FA7800380DB0 /* UIKit.framework in Frameworks */,
				C6CBCF7518D3FA7800380DB0 /* Foundation.framework in Frameworks */,
			);
			runOnlyForDeploymentPostprocessing = 0;
		};
/* End PBXFrameworksBuildPhase section */

/* Begin PBXGroup section */
		C6361FF718DD1C97009A77C4 /* ASIHTTPRequest */ = {
			isa = PBXGroup;
			children = (
				C6361FF818DD1C97009A77C4 /* ASIAuthenticationDialog.h */,
				C6361FF918DD1C97009A77C4 /* ASIAuthenticationDialog.m */,
				C6361FFA18DD1C97009A77C4 /* ASICacheDelegate.h */,
				C6361FFB18DD1C97009A77C4 /* ASIDataCompressor.h */,
				C6361FFC18DD1C97009A77C4 /* ASIDataCompressor.m */,
				C6361FFD18DD1C97009A77C4 /* ASIDataDecompressor.h */,
				C6361FFE18DD1C97009A77C4 /* ASIDataDecompressor.m */,
				C6361FFF18DD1C97009A77C4 /* ASIDownloadCache.h */,
				C636200018DD1C97009A77C4 /* ASIDownloadCache.m */,
				C636200118DD1C97009A77C4 /* ASIFormDataRequest.h */,
				C636200218DD1C97009A77C4 /* ASIFormDataRequest.m */,
				C636200318DD1C97009A77C4 /* ASIHTTPRequest.h */,
				C636200418DD1C97009A77C4 /* ASIHTTPRequest.m */,
				C636200518DD1C97009A77C4 /* ASIHTTPRequestConfig.h */,
				C636200618DD1C97009A77C4 /* ASIHTTPRequestDelegate.h */,
				C636200718DD1C97009A77C4 /* ASIInputStream.h */,
				C636200818DD1C97009A77C4 /* ASIInputStream.m */,
				C636200918DD1C97009A77C4 /* ASINetworkQueue.h */,
				C636200A18DD1C97009A77C4 /* ASINetworkQueue.m */,
				C636200B18DD1C97009A77C4 /* ASIProgressDelegate.h */,
				C636200C18DD1C97009A77C4 /* Reachability.h */,
				C636200D18DD1C97009A77C4 /* Reachability.m */,
			);
			path = ASIHTTPRequest;
			sourceTree = "<group>";
		};
		C636201F18DD2879009A77C4 /* SVProgressHUD */ = {
			isa = PBXGroup;
			children = (
				C636202018DD2879009A77C4 /* SVProgressHUD.bundle */,
				C636202118DD2879009A77C4 /* SVProgressHUD.h */,
				C636202218DD2879009A77C4 /* SVProgressHUD.m */,
			);
			path = SVProgressHUD;
			sourceTree = "<group>";
		};
		C6CBCF4E18D3FA7800380DB0 = {
			isa = PBXGroup;
			children = (
				C6CBCF6018D3FA7800380DB0 /* LoginNet */,
				C6CBCF7918D3FA7800380DB0 /* LoginNetTests */,
				C6CBCF5918D3FA7800380DB0 /* Frameworks */,
				C6CBCF5818D3FA7800380DB0 /* Products */,
			);
			sourceTree = "<group>";
		};
		C6CBCF5818D3FA7800380DB0 /* Products */ = {
			isa = PBXGroup;
			children = (
				C6CBCF5718D3FA7800380DB0 /* iNet.app */,
				C6CBCF7218D3FA7800380DB0 /* LoginNetTests.xctest */,
			);
			name = Products;
			sourceTree = "<group>";
		};
		C6CBCF5918D3FA7800380DB0 /* Frameworks */ = {
			isa = PBXGroup;
			children = (
				C6F5D65418E5398D006FDEC0 /* Security.framework */,
				C6F5D65218E53982006FDEC0 /* QuartzCore.framework */,
				C6F5D65018E53970006FDEC0 /* CoreText.framework */,
				C636201D18DD1D5D009A77C4 /* libz.dylib */,
				C636201B18DD1D08009A77C4 /* SystemConfiguration.framework */,
				C636201918DD1CEF009A77C4 /* MobileCoreServices.framework */,
				C636201718DD1CE4009A77C4 /* CFNetwork.framework */,
				C6CBCF5A18D3FA7800380DB0 /* Foundation.framework */,
				C6CBCF5C18D3FA7800380DB0 /* CoreGraphics.framework */,
				C6CBCF5E18D3FA7800380DB0 /* UIKit.framework */,
				C6CBCF7318D3FA7800380DB0 /* XCTest.framework */,
			);
			name = Frameworks;
			sourceTree = "<group>";
		};
		C6CBCF6018D3FA7800380DB0 /* LoginNet */ = {
			isa = PBXGroup;
			children = (
				C636201F18DD2879009A77C4 /* SVProgressHUD */,
				C6361FF718DD1C97009A77C4 /* ASIHTTPRequest */,
				C636202518DD3258009A77C4 /* SEUtils.h */,
				C636202618DD3258009A77C4 /* SEUtils.m */,
				C6CBCF6918D3FA7800380DB0 /* LNAppDelegate.h */,
				C6CBCF6A18D3FA7800380DB0 /* LNAppDelegate.m */,
				C6CBCF6C18D3FA7800380DB0 /* Images.xcassets */,
				C6CBCF6118D3FA7800380DB0 /* Supporting Files */,
				C6CBD0A718D3FB8D00380DB0 /* LNViewController.h */,
				C6CBD0A818D3FB8D00380DB0 /* LNViewController.m */,
				C6CBD0A918D3FB8D00380DB0 /* LNViewController.xib */,
			);
			path = LoginNet;
			sourceTree = "<group>";
		};
		C6CBCF6118D3FA7800380DB0 /* Supporting Files */ = {
			isa = PBXGroup;
			children = (
				C6CBCF6218D3FA7800380DB0 /* LoginNet-Info.plist */,
				C6CBCF6318D3FA7800380DB0 /* InfoPlist.strings */,
				C6CBCF6618D3FA7800380DB0 /* main.m */,
				C6CBCF6818D3FA7800380DB0 /* LoginNet-Prefix.pch */,
			);
			name = "Supporting Files";
			sourceTree = "<group>";
		};
		C6CBCF7918D3FA7800380DB0 /* LoginNetTests */ = {
			isa = PBXGroup;
			children = (
				C6CBCF7F18D3FA7800380DB0 /* LoginNetTests.m */,
				C6CBCF7A18D3FA7800380DB0 /* Supporting Files */,
			);
			path = LoginNetTests;
			sourceTree = "<group>";
		};
		C6CBCF7A18D3FA7800380DB0 /* Supporting Files */ = {
			isa = PBXGroup;
			children = (
				C6CBCF7B18D3FA7800380DB0 /* LoginNetTests-Info.plist */,
				C6CBCF7C18D3FA7800380DB0 /* InfoPlist.strings */,
			);
			name = "Supporting Files";
			sourceTree = "<group>";
		};
/* End PBXGroup section */

/* Begin PBXNativeTarget section */
		C6CBCF5618D3FA7800380DB0 /* LoginNet */ = {
			isa = PBXNativeTarget;
			buildConfigurationList = C6CBCF8318D3FA7800380DB0 /* Build configuration list for PBXNativeTarget "LoginNet" */;
			buildPhases = (
				C6CBCF5318D3FA7800380DB0 /* Sources */,
				C6CBCF5418D3FA7800380DB0 /* Frameworks */,
				C6CBCF5518D3FA7800380DB0 /* Resources */,
			);
			buildRules = (
			);
			dependencies = (
			);
			name = LoginNet;
			productName = LoginNet;
			productReference = C6CBCF5718D3FA7800380DB0 /* iNet.app */;
			productType = "com.apple.product-type.application";
		};
		C6CBCF7118D3FA7800380DB0 /* LoginNetTests */ = {
			isa = PBXNativeTarget;
			buildConfigurationList = C6CBCF8618D3FA7800380DB0 /* Build configuration list for PBXNativeTarget "LoginNetTests" */;
			buildPhases = (
				C6CBCF6E18D3FA7800380DB0 /* Sources */,
				C6CBCF6F18D3FA7800380DB0 /* Frameworks */,
				C6CBCF7018D3FA7800380DB0 /* Resources */,
			);
			buildRules = (
			);
			dependencies = (
				C6CBCF7818D3FA7800380DB0 /* PBXTargetDependency */,
			);
			name = LoginNetTests;
			productName = LoginNetTests;
			productReference = C6CBCF7218D3FA7800380DB0 /* LoginNetTests.xctest */;
			productType = "com.apple.product-type.bundle.unit-test";
		};
/* End PBXNativeTarget section */

/* Begin PBXProject section */
		C6CBCF4F18D3FA7800380DB0 /* Project object */ = {
			isa = PBXProject;
			attributes = {
				CLASSPREFIX = LN;
				LastUpgradeCheck = 0510;
				ORGANIZATIONNAME = sportsexp;
				TargetAttributes = {
					C6CBCF5618D3FA7800380DB0 = {
						DevelopmentTeam = 9S3FY9UFUA;
					};
					C6CBCF7118D3FA7800380DB0 = {
						TestTargetID = C6CBCF5618D3FA7800380DB0;
					};
				};
			};
			buildConfigurationList = C6CBCF5218D3FA7800380DB0 /* Build configuration list for PBXProject "LoginNet" */;
			compatibilityVersion = "Xcode 3.2";
			developmentRegion = English;
			hasScannedForEncodings = 0;
			knownRegions = (
				en,
			);
			mainGroup = C6CBCF4E18D3FA7800380DB0;
			productRefGroup = C6CBCF5818D3FA7800380DB0 /* Products */;
			projectDirPath = "";
			projectRoot = "";
			targets = (
				C6CBCF5618D3FA7800380DB0 /* LoginNet */,
				C6CBCF7118D3FA7800380DB0 /* LoginNetTests */,
			);
		};
/* End PBXProject section */

/* Begin PBXResourcesBuildPhase section */
		C6CBCF5518D3FA7800380DB0 /* Resources */ = {
			isa = PBXResourcesBuildPhase;
			buildActionMask = 2147483647;
			files = (
				C6CBCF6518D3FA7800380DB0 /* InfoPlist.strings in Resources */,
				C6CBD0AB18D3FB8D00380DB0 /* LNViewController.xib in Resources */,
				C6CBCF6D18D3FA7800380DB0 /* Images.xcassets in Resources */,
				C636202318DD2879009A77C4 /* SVProgressHUD.bundle in Resources */,
			);
			runOnlyForDeploymentPostprocessing = 0;
		};
		C6CBCF7018D3FA7800380DB0 /* Resources */ = {
			isa = PBXResourcesBuildPhase;
			buildActionMask = 2147483647;
			files = (
				C6CBCF7E18D3FA7800380DB0 /* InfoPlist.strings in Resources */,
			);
			runOnlyForDeploymentPostprocessing = 0;
		};
/* End PBXResourcesBuildPhase section */

/* Begin PBXSourcesBuildPhase section */
		C6CBCF5318D3FA7800380DB0 /* Sources */ = {
			isa = PBXSourcesBuildPhase;
			buildActionMask = 2147483647;
			files = (
				C636200F18DD1C97009A77C4 /* ASIDataCompressor.m in Sources */,
				C636202718DD3258009A77C4 /* SEUtils.m in Sources */,
				C6CBCF6B18D3FA7800380DB0 /* LNAppDelegate.m in Sources */,
				C636201318DD1C97009A77C4 /* ASIHTTPRequest.m in Sources */,
				C636200E18DD1C97009A77C4 /* ASIAuthenticationDialog.m in Sources */,
				C636201218DD1C97009A77C4 /* ASIFormDataRequest.m in Sources */,
				C6CBCF6718D3FA7800380DB0 /* main.m in Sources */,
				C636201418DD1C97009A77C4 /* ASIInputStream.m in Sources */,
				C6CBD0AA18D3FB8D00380DB0 /* LNViewController.m in Sources */,
				C636201518DD1C97009A77C4 /* ASINetworkQueue.m in Sources */,
				C636202418DD2879009A77C4 /* SVProgressHUD.m in Sources */,
				C636201018DD1C97009A77C4 /* ASIDataDecompressor.m in Sources */,
				C636201618DD1C97009A77C4 /* Reachability.m in Sources */,
				C636201118DD1C97009A77C4 /* ASIDownloadCache.m in Sources */,
			);
			runOnlyForDeploymentPostprocessing = 0;
		};
		C6CBCF6E18D3FA7800380DB0 /* Sources */ = {
			isa = PBXSourcesBuildPhase;
			buildActionMask = 2147483647;
			files = (
				C6CBCF8018D3FA7800380DB0 /* LoginNetTests.m in Sources */,
			);
			runOnlyForDeploymentPostprocessing = 0;
		};
/* End PBXSourcesBuildPhase section */

/* Begin PBXTargetDependency section */
		C6CBCF7818D3FA7800380DB0 /* PBXTargetDependency */ = {
			isa = PBXTargetDependency;
			target = C6CBCF5618D3FA7800380DB0 /* LoginNet */;
			targetProxy = C6CBCF7718D3FA7800380DB0 /* PBXContainerItemProxy */;
		};
/* End PBXTargetDependency section */

/* Begin PBXVariantGroup section */
		C6CBCF6318D3FA7800380DB0 /* InfoPlist.strings */ = {
			isa = PBXVariantGroup;
			children = (
				C6CBCF6418D3FA7800380DB0 /* en */,
			);
			name = InfoPlist.strings;
			sourceTree = "<group>";
		};
		C6CBCF7C18D3FA7800380DB0 /* InfoPlist.strings */ = {
			isa = PBXVariantGroup;
			children = (
				C6CBCF7D18D3FA7800380DB0 /* en */,
			);
			name = InfoPlist.strings;
			sourceTree = "<group>";
		};
/* End PBXVariantGroup section */

/* Begin XCBuildConfiguration section */
		C6CBCF8118D3FA7800380DB0 /* Debug */ = {
			isa = XCBuildConfiguration;
			buildSettings = {
				ALWAYS_SEARCH_USER_PATHS = NO;
				CLANG_CXX_LANGUAGE_STANDARD = "gnu++0x";
				CLANG_CXX_LIBRARY = "libc++";
				CLANG_ENABLE_MODULES = YES;
				CLANG_ENABLE_OBJC_ARC = YES;
				CLANG_WARN_BOOL_CONVERSION = YES;
				CLANG_WARN_CONSTANT_CONVERSION = YES;
				CLANG_WARN_DIRECT_OBJC_ISA_USAGE = YES_ERROR;
				CLANG_WARN_EMPTY_BODY = YES;
				CLANG_WARN_ENUM_CONVERSION = YES;
				CLANG_WARN_INT_CONVERSION = YES;
				CLANG_WARN_OBJC_ROOT_CLASS = YES_ERROR;
				CLANG_WARN__DUPLICATE_METHOD_MATCH = YES;
				"CODE_SIGN_IDENTITY[sdk=iphoneos*]" = "iPhone Developer";
				COPY_PHASE_STRIP = NO;
				GCC_C_LANGUAGE_STANDARD = gnu99;
				GCC_DYNAMIC_NO_PIC = NO;
				GCC_OPTIMIZATION_LEVEL = 0;
				GCC_PREPROCESSOR_DEFINITIONS = (
					"DEBUG=1",
					"$(inherited)",
				);
				GCC_SYMBOLS_PRIVATE_EXTERN = NO;
				GCC_WARN_64_TO_32_BIT_CONVERSION = YES;
				GCC_WARN_ABOUT_RETURN_TYPE = YES_ERROR;
				GCC_WARN_UNDECLARED_SELECTOR = YES;
				GCC_WARN_UNINITIALIZED_AUTOS = YES_AGGRESSIVE;
				GCC_WARN_UNUSED_FUNCTION = YES;
				GCC_WARN_UNUSED_VARIABLE = YES;
				IPHONEOS_DEPLOYMENT_TARGET = 7.1;
				ONLY_ACTIVE_ARCH = YES;
				SDKROOT = iphoneos;
			};
			name = Debug;
		};
		C6CBCF8218D3FA7800380DB0 /* Release */ = {
			isa = XCBuildConfiguration;
			buildSettings = {
				ALWAYS_SEARCH_USER_PATHS = NO;
				CLANG_CXX_LANGUAGE_STANDARD = "gnu++0x";
				CLANG_CXX_LIBRARY = "libc++";
				CLANG_ENABLE_MODULES = YES;
				CLANG_ENABLE_OBJC_ARC = YES;
				CLANG_WARN_BOOL_CONVERSION = YES;
				CLANG_WARN_CONSTANT_CONVERSION = YES;
				CLANG_WARN_DIRECT_OBJC_ISA_USAGE = YES_ERROR;
				CLANG_WARN_EMPTY_BODY = YES;
				CLANG_WARN_ENUM_CONVERSION = YES;
				CLANG_WARN_INT_CONVERSION = YES;
				CLANG_WARN_OBJC_ROOT_CLASS = YES_ERROR;
				CLANG_WARN__DUPLICATE_METHOD_MATCH = YES;
				"CODE_SIGN_IDENTITY[sdk=iphoneos*]" = "iPhone Developer";
				COPY_PHASE_STRIP = YES;
				ENABLE_NS_ASSERTIONS = NO;
				GCC_C_LANGUAGE_STANDARD = gnu99;
				GCC_WARN_64_TO_32_BIT_CONVERSION = YES;
				GCC_WARN_ABOUT_RETURN_TYPE = YES_ERROR;
				GCC_WARN_UNDECLARED_SELECTOR = YES;
				GCC_WARN_UNINITIALIZED_AUTOS = YES_AGGRESSIVE;
				GCC_WARN_UNUSED_FUNCTION = YES;
				GCC_WARN_UNUSED_VARIABLE = YES;
				IPHONEOS_DEPLOYMENT_TARGET = 7.1;
				SDKROOT = iphoneos;
				VALIDATE_PRODUCT = YES;
			};
			name = Release;
		};
		C6CBCF8418D3FA7800380DB0 /* Debug */ = {
			isa = XCBuildConfiguration;
			buildSettings = {
				ASSETCATALOG_COMPILER_APPICON_NAME = AppIcon;
				ASSETCATALOG_COMPILER_LAUNCHIMAGE_NAME = LaunchImage;
				CODE_SIGN_IDENTITY = "iPhone Developer: Gaolang Wang (FD82ZR7MH5)";
				FRAMEWORK_SEARCH_PATHS = "$(inherited)";
				GCC_PRECOMPILE_PREFIX_HEADER = YES;
				GCC_PREFIX_HEADER = "LoginNet/LoginNet-Prefix.pch";
				INFOPLIST_FILE = "LoginNet/LoginNet-Info.plist";
				LIBRARY_SEARCH_PATHS = "$(inherited)";
				PRODUCT_NAME = iReagle;
				PROVISIONING_PROFILE = "";
				TARGETED_DEVICE_FAMILY = 1;
				WRAPPER_EXTENSION = app;
			};
			name = Debug;
		};
		C6CBCF8518D3FA7800380DB0 /* Release */ = {
			isa = XCBuildConfiguration;
			buildSettings = {
				ASSETCATALOG_COMPILER_APPICON_NAME = AppIcon;
				ASSETCATALOG_COMPILER_LAUNCHIMAGE_NAME = LaunchImage;
				CODE_SIGN_IDENTITY = "iPhone Distribution: Hunan Sports Exp Information Technology Co., Ltd.///////////";
				FRAMEWORK_SEARCH_PATHS = "$(inherited)";
				GCC_PRECOMPILE_PREFIX_HEADER = YES;
				GCC_PREFIX_HEADER = "LoginNet/LoginNet-Prefix.pch";
				INFOPLIST_FILE = "LoginNet/LoginNet-Info.plist";
				LIBRARY_SEARCH_PATHS = "$(inherited)";
				PRODUCT_NAME = iReagle;
				PROVISIONING_PROFILE = "0E3300D2-4779-4ECD-B0B8-FDCF314E5774";
				TARGETED_DEVICE_FAMILY = 1;
				WRAPPER_EXTENSION = app;
			};
			name = Release;
		};
		C6CBCF8718D3FA7800380DB0 /* Debug */ = {
			isa = XCBuildConfiguration;
			buildSettings = {
				BUNDLE_LOADER = "$(BUILT_PRODUCTS_DIR)/LoginNet.app/LoginNet";
				FRAMEWORK_SEARCH_PATHS = (
					"$(SDKROOT)/Developer/Library/Frameworks",
					"$(inherited)",
					"$(DEVELOPER_FRAMEWORKS_DIR)",
				);
				GCC_PRECOMPILE_PREFIX_HEADER = YES;
				GCC_PREFIX_HEADER = "LoginNet/LoginNet-Prefix.pch";
				GCC_PREPROCESSOR_DEFINITIONS = (
					"DEBUG=1",
					"$(inherited)",
				);
				INFOPLIST_FILE = "LoginNetTests/LoginNetTests-Info.plist";
				PRODUCT_NAME = "$(TARGET_NAME)";
				TEST_HOST = "$(BUNDLE_LOADER)";
				WRAPPER_EXTENSION = xctest;
			};
			name = Debug;
		};
		C6CBCF8818D3FA7800380DB0 /* Release */ = {
			isa = XCBuildConfiguration;
			buildSettings = {
				BUNDLE_LOADER = "$(BUILT_PRODUCTS_DIR)/LoginNet.app/LoginNet";
				FRAMEWORK_SEARCH_PATHS = (
					"$(SDKROOT)/Developer/Library/Frameworks",
					"$(inherited)",
					"$(DEVELOPER_FRAMEWORKS_DIR)",
				);
				GCC_PRECOMPILE_PREFIX_HEADER = YES;
				GCC_PREFIX_HEADER = "LoginNet/LoginNet-Prefix.pch";
				INFOPLIST_FILE = "LoginNetTests/LoginNetTests-Info.plist";
				PRODUCT_NAME = "$(TARGET_NAME)";
				TEST_HOST = "$(BUNDLE_LOADER)";
				WRAPPER_EXTENSION = xctest;
			};
			name = Release;
		};
/* End XCBuildConfiguration section */

/* Begin XCConfigurationList section */
		C6CBCF5218D3FA7800380DB0 /* Build configuration list for PBXProject "LoginNet" */ = {
			isa = XCConfigurationList;
			buildConfigurations = (
				C6CBCF8118D3FA7800380DB0 /* Debug */,
				C6CBCF8218D3FA7800380DB0 /* Release */,
			);
			defaultConfigurationIsVisible = 0;
			defaultConfigurationName = Release;
		};
		C6CBCF8318D3FA7800380DB0 /* Build configuration list for PBXNativeTarget "LoginNet" */ = {
			isa = XCConfigurationList;
			buildConfigurations = (
				C6CBCF8418D3FA7800380DB0 /* Debug */,
				C6CBCF8518D3FA7800380DB0 /* Release */,
			);
			defaultConfigurationIsVisible = 0;
			defaultConfigurationName = Release;
		};
		C6CBCF8618D3FA7800380DB0 /* Build configuration list for PBXNativeTarget "LoginNetTests" */ = {
			isa = XCConfigurationList;
			buildConfigurations = (
				C6CBCF8718D3FA7800380DB0 /* Debug */,
				C6CBCF8818D3FA7800380DB0 /* Release */,
			);
			defaultConfigurationIsVisible = 0;
			defaultConfigurationName = Release;
		};
/* End XCConfigurationList section */
	};
	rootObject = C6CBCF4F18D3FA7800380DB0 /* Project object */;
}
